
Microsoft Visual Studio Solution File, Format Version 12.00
# Visual Studio Version 16
VisualStudioVersion = 16.0.31702.278
MinimumVisualStudioVersion = 10.0.40219.1
Project("{FAE04EC0-301F-11D3-BF4B-00C04F79EFBC}") = "Geometry", "Geometry\Geometry.csproj", "{9EEADB5C-E193-426C-B409-F214F6223D76}"
EndProject
Project("{FAE04EC0-301F-11D3-BF4B-00C04F79EFBC}") = "Physics", "Physics\Physics.csproj", "{F3E9C37B-5C57-4896-8CE2-F83BE506A528}"
EndProject
Project("{FAE04EC0-301F-11D3-BF4B-00C04F79EFBC}") = "Architectural", "Architectural\Architectural.csproj", "{0E5B65BD-53A5-4E6D-9F8F-BBDD3AC2E24A}"
EndProject
Project("{FAE04EC0-301F-11D3-BF4B-00C04F79EFBC}") = "Plumbing", "Plumbing\Plumbing.csproj", "{6E613023-C51D-403E-8A0A-1347901C104A}"
EndProject
Project("{FAE04EC0-301F-11D3-BF4B-00C04F79EFBC}") = "PlumbingCalc", "PlumbingCalc\PlumbingCalc.csproj", "{F0EF4E6F-837D-49BE-85CF-C2E5A5B3CB4B}"
EndProject
Global
	GlobalSection(SolutionConfigurationPlatforms) = preSolution
		Debug|Any CPU = Debug|Any CPU
		Release|Any CPU = Release|Any CPU
	EndGlobalSection
	GlobalSection(ProjectConfigurationPlatforms) = postSolution
		{9EEADB5C-E193-426C-B409-F214F6223D76}.Debug|Any CPU.ActiveCfg = Debug|Any CPU
		{9EEADB5C-E193-426C-B409-F214F6223D76}.Debug|Any CPU.Build.0 = Debug|Any CPU
		{9EEADB5C-E193-426C-B409-F214F6223D76}.Release|Any CPU.ActiveCfg = Release|Any CPU
		{9EEADB5C-E193-426C-B409-F214F6223D76}.Release|Any CPU.Build.0 = Release|Any CPU
		{F3E9C37B-5C57-4896-8CE2-F83BE506A528}.Debug|Any CPU.ActiveCfg = Debug|Any CPU
		{F3E9C37B-5C57-4896-8CE2-F83BE506A528}.Debug|Any CPU.Build.0 = Debug|Any CPU
		{F3E9C37B-5C57-4896-8CE2-F83BE506A528}.Release|Any CPU.ActiveCfg = Release|Any CPU
		{F3E9C37B-5C57-4896-8CE2-F83BE506A528}.Release|Any CPU.Build.0 = Release|Any CPU
		{0E5B65BD-53A5-4E6D-9F8F-BBDD3AC2E24A}.Debug|Any CPU.ActiveCfg = Debug|Any CPU
		{0E5B65BD-53A5-4E6D-9F8F-BBDD3AC2E24A}.Debug|Any CPU.Build.0 = Debug|Any CPU
		{0E5B65BD-53A5-4E6D-9F8F-BBDD3AC2E24A}.Release|Any CPU.ActiveCfg = Release|Any CPU
		{0E5B65BD-53A5-4E6D-9F8F-BBDD3AC2E24A}.Release|Any CPU.Build.0 = Release|Any CPU
		{6E613023-C51D-403E-8A0A-1347901C104A}.Debug|Any CPU.ActiveCfg = Debug|Any CPU
		{6E613023-C51D-403E-8A0A-1347901C104A}.Debug|Any CPU.Build.0 = Debug|Any CPU
		{6E613023-C51D-403E-8A0A-1347901C104A}.Release|Any CPU.ActiveCfg = Release|Any CPU
		{6E613023-C51D-403E-8A0A-1347901C104A}.Release|Any CPU.Build.0 = Release|Any CPU
		{F0EF4E6F-837D-49BE-85CF-C2E5A5B3CB4B}.Debug|Any CPU.ActiveCfg = Debug|Any CPU
		{F0EF4E6F-837D-49BE-85CF-C2E5A5B3CB4B}.Debug|Any CPU.Build.0 = Debug|Any CPU
		{F0EF4E6F-837D-49BE-85CF-C2E5A5B3CB4B}.Release|Any CPU.ActiveCfg = Release|Any CPU
		{F0EF4E6F-837D-49BE-85CF-C2E5A5B3CB4B}.Release|Any CPU.Build.0 = Release|Any CPU
	EndGlobalSection
	GlobalSection(SolutionProperties) = preSolution
		HideSolutionNode = FALSE
	EndGlobalSection
	GlobalSection(ExtensibilityGlobals) = postSolution
		SolutionGuid = {C1F79B37-22A2-41CC-8832-4142F0FC7CA4}
	EndGlobalSection
EndGlobal
